
Microsoft Visual Studio Solution File, Format Version 11.00
# Visual Studio 2010
Project("{FAE04EC0-301F-11D3-BF4B-00C04F79EFBC}") = "MysqlToSqlServerConverter", "..\MysqlToSqlServerConverter\MysqlToSqlServerConverter.csproj", "{0BB2643B-1DD3-49E2-9127-A0DF77EB0BC4}"
EndProject
Global
	GlobalSection(SolutionConfigurationPlatforms) = preSolution
		Debug|x86 = Debug|x86
		Release|x86 = Release|x86
	EndGlobalSection
	GlobalSection(ProjectConfigurationPlatforms) = postSolution
		{0BB2643B-1DD3-49E2-9127-A0DF77EB0BC4}.Debug|x86.ActiveCfg = Debug|x86
		{0BB2643B-1DD3-49E2-9127-A0DF77EB0BC4}.Debug|x86.Build.0 = Debug|x86
		{0BB2643B-1DD3-49E2-9127-A0DF77EB0BC4}.Release|x86.ActiveCfg = Release|x86
		{0BB2643B-1DD3-49E2-9127-A0DF77EB0BC4}.Release|x86.Build.0 = Release|x86
	EndGlobalSection
	GlobalSection(SolutionProperties) = preSolution
		HideSolutionNode = FALSE
	EndGlobalSection
EndGlobal
